// !$*UTF8*$!
{
	archiveVersion = 1;
	classes = {
	};
	objectVersion = 56;
	objects = {

/* Begin PBXBuildFile section */
		ABE3B3AA2906717B00A25EC2 /* PIA11ShoppingApp.swift in Sources */ = {isa = PBXBuildFile; fileRef = ABE3B3A92906717B00A25EC2 /* PIA11ShoppingApp.swift */; };
		ABE3B3AC2906717B00A25EC2 /* ContentView.swift in Sources */ = {isa = PBXBuildFile; fileRef = ABE3B3AB2906717B00A25EC2 /* ContentView.swift */; };
		ABE3B3AE2906717D00A25EC2 /* Assets.xcassets in Resources */ = {isa = PBXBuildFile; fileRef = ABE3B3AD2906717D00A25EC2 /* Assets.xcassets */; };
		ABE3B3B12906717D00A25EC2 /* Preview Assets.xcassets in Resources */ = {isa = PBXBuildFile; fileRef = ABE3B3B02906717D00A25EC2 /* Preview Assets.xcassets */; };
		ABE3B3B82906738F00A25EC2 /* GoogleService-Info.plist in Resources */ = {isa = PBXBuildFile; fileRef = ABE3B3B72906738F00A25EC2 /* GoogleService-Info.plist */; };
		ABE3B3BB2906751500A25EC2 /* FirebaseAnalytics in Frameworks */ = {isa = PBXBuildFile; productRef = ABE3B3BA2906751500A25EC2 /* FirebaseAnalytics */; };
		ABE3B3BD2906751500A25EC2 /* FirebaseAnalyticsSwift in Frameworks */ = {isa = PBXBuildFile; productRef = ABE3B3BC2906751500A25EC2 /* FirebaseAnalyticsSwift */; };
		ABE3B3BF2906751500A25EC2 /* FirebaseAuth in Frameworks */ = {isa = PBXBuildFile; productRef = ABE3B3BE2906751500A25EC2 /* FirebaseAuth */; };
		ABE3B3C12906751500A25EC2 /* FirebaseDatabase in Frameworks */ = {isa = PBXBuildFile; productRef = ABE3B3C02906751500A25EC2 /* FirebaseDatabase */; };
		ABE3B3C32906751500A25EC2 /* FirebaseDatabaseSwift in Frameworks */ = {isa = PBXBuildFile; productRef = ABE3B3C22906751500A25EC2 /* FirebaseDatabaseSwift */; };
		ABE3B3C5290679A900A25EC2 /* LoginView.swift in Sources */ = {isa = PBXBuildFile; fileRef = ABE3B3C4290679A900A25EC2 /* LoginView.swift */; };
		ABE3B3C729067D6E00A25EC2 /* ShoppinglistView.swift in Sources */ = {isa = PBXBuildFile; fileRef = ABE3B3C629067D6E00A25EC2 /* ShoppinglistView.swift */; };
		ABE3B3C92906844F00A25EC2 /* ShopdetailView.swift in Sources */ = {isa = PBXBuildFile; fileRef = ABE3B3C82906844F00A25EC2 /* ShopdetailView.swift */; };
		ABEC7FD5290A69420001FD21 /* Shopitem.swift in Sources */ = {isa = PBXBuildFile; fileRef = ABEC7FD4290A69420001FD21 /* Shopitem.swift */; };
		ABEC7FD7290A97D20001FD21 /* ShopRowView.swift in Sources */ = {isa = PBXBuildFile; fileRef = ABEC7FD6290A97D20001FD21 /* ShopRowView.swift */; };
/* End PBXBuildFile section */

/* Begin PBXFileReference section */
		ABE3B3A62906717B00A25EC2 /* PIA11Shopping.app */ = {isa = PBXFileReference; explicitFileType = wrapper.application; includeInIndex = 0; path = PIA11Shopping.app; sourceTree = BUILT_PRODUCTS_DIR; };
		ABE3B3A92906717B00A25EC2 /* PIA11ShoppingApp.swift */ = {isa = PBXFileReference; lastKnownFileType = sourcecode.swift; path = PIA11ShoppingApp.swift; sourceTree = "<group>"; };
		ABE3B3AB2906717B00A25EC2 /* ContentView.swift */ = {isa = PBXFileReference; lastKnownFileType = sourcecode.swift; path = ContentView.swift; sourceTree = "<group>"; };
		ABE3B3AD2906717D00A25EC2 /* Assets.xcassets */ = {isa = PBXFileReference; lastKnownFileType = folder.assetcatalog; path = Assets.xcassets; sourceTree = "<group>"; };
		ABE3B3B02906717D00A25EC2 /* Preview Assets.xcassets */ = {isa = PBXFileReference; lastKnownFileType = folder.assetcatalog; path = "Preview Assets.xcassets"; sourceTree = "<group>"; };
		ABE3B3B72906738F00A25EC2 /* GoogleService-Info.plist */ = {isa = PBXFileReference; fileEncoding = 4; lastKnownFileType = text.plist.xml; path = "GoogleService-Info.plist"; sourceTree = "<group>"; };
		ABE3B3C4290679A900A25EC2 /* LoginView.swift */ = {isa = PBXFileReference; lastKnownFileType = sourcecode.swift; path = LoginView.swift; sourceTree = "<group>"; };
		ABE3B3C629067D6E00A25EC2 /* ShoppinglistView.swift */ = {isa = PBXFileReference; lastKnownFileType = sourcecode.swift; path = ShoppinglistView.swift; sourceTree = "<group>"; };
		ABE3B3C82906844F00A25EC2 /* ShopdetailView.swift */ = {isa = PBXFileReference; lastKnownFileType = sourcecode.swift; path = ShopdetailView.swift; sourceTree = "<group>"; };
		ABEC7FD4290A69420001FD21 /* Shopitem.swift */ = {isa = PBXFileReference; lastKnownFileType = sourcecode.swift; path = Shopitem.swift; sourceTree = "<group>"; };
		ABEC7FD6290A97D20001FD21 /* ShopRowView.swift */ = {isa = PBXFileReference; lastKnownFileType = sourcecode.swift; path = ShopRowView.swift; sourceTree = "<group>"; };
/* End PBXFileReference section */

/* Begin PBXFrameworksBuildPhase section */
		ABE3B3A32906717B00A25EC2 /* Frameworks */ = {
			isa = PBXFrameworksBuildPhase;
			buildActionMask = 2147483647;
			files = (
				ABE3B3C32906751500A25EC2 /* FirebaseDatabaseSwift in Frameworks */,
				ABE3B3BD2906751500A25EC2 /* FirebaseAnalyticsSwift in Frameworks */,
				ABE3B3BF2906751500A25EC2 /* FirebaseAuth in Frameworks */,
				ABE3B3C12906751500A25EC2 /* FirebaseDatabase in Frameworks */,
				ABE3B3BB2906751500A25EC2 /* FirebaseAnalytics in Frameworks */,
			);
			runOnlyForDeploymentPostprocessing = 0;
		};
/* End PBXFrameworksBuildPhase section */

/* Begin PBXGroup section */
		ABE3B39D2906717B00A25EC2 = {
			isa = PBXGroup;
			children = (
				ABE3B3A82906717B00A25EC2 /* PIA11Shopping */,
				ABE3B3A72906717B00A25EC2 /* Products */,
			);
			sourceTree = "<group>";
		};
		ABE3B3A72906717B00A25EC2 /* Products */ = {
			isa = PBXGroup;
			children = (
				ABE3B3A62906717B00A25EC2 /* PIA11Shopping.app */,
			);
			name = Products;
			sourceTree = "<group>";
		};
		ABE3B3A82906717B00A25EC2 /* PIA11Shopping */ = {
			isa = PBXGroup;
			children = (
				ABE3B3B72906738F00A25EC2 /* GoogleService-Info.plist */,
				ABE3B3A92906717B00A25EC2 /* PIA11ShoppingApp.swift */,
				ABE3B3AB2906717B00A25EC2 /* ContentView.swift */,
				ABE3B3C629067D6E00A25EC2 /* ShoppinglistView.swift */,
				ABEC7FD6290A97D20001FD21 /* ShopRowView.swift */,
				ABE3B3C82906844F00A25EC2 /* ShopdetailView.swift */,
				ABE3B3C4290679A900A25EC2 /* LoginView.swift */,
				ABEC7FD4290A69420001FD21 /* Shopitem.swift */,
				ABE3B3AD2906717D00A25EC2 /* Assets.xcassets */,
				ABE3B3AF2906717D00A25EC2 /* Preview Content */,
			);
			path = PIA11Shopping;
			sourceTree = "<group>";
		};
		ABE3B3AF2906717D00A25EC2 /* Preview Content */ = {
			isa = PBXGroup;
			children = (
				ABE3B3B02906717D00A25EC2 /* Preview Assets.xcassets */,
			);
			path = "Preview Content";
			sourceTree = "<group>";
		};
/* End PBXGroup section */

/* Begin PBXNativeTarget section */
		ABE3B3A52906717B00A25EC2 /* PIA11Shopping */ = {
			isa = PBXNativeTarget;
			buildConfigurationList = ABE3B3B42906717D00A25EC2 /* Build configuration list for PBXNativeTarget "PIA11Shopping" */;
			buildPhases = (
				ABE3B3A22906717B00A25EC2 /* Sources */,
				ABE3B3A32906717B00A25EC2 /* Frameworks */,
				ABE3B3A42906717B00A25EC2 /* Resources */,
			);
			buildRules = (
			);
			dependencies = (
			);
			name = PIA11Shopping;
			packageProductDependencies = (
				ABE3B3BA2906751500A25EC2 /* FirebaseAnalytics */,
				ABE3B3BC2906751500A25EC2 /* FirebaseAnalyticsSwift */,
				ABE3B3BE2906751500A25EC2 /* FirebaseAuth */,
				ABE3B3C02906751500A25EC2 /* FirebaseDatabase */,
				ABE3B3C22906751500A25EC2 /* FirebaseDatabaseSwift */,
			);
			productName = PIA11Shopping;
			productReference = ABE3B3A62906717B00A25EC2 /* PIA11Shopping.app */;
			productType = "com.apple.product-type.application";
		};
/* End PBXNativeTarget section */

/* Begin PBXProject section */
		ABE3B39E2906717B00A25EC2 /* Project object */ = {
			isa = PBXProject;
			attributes = {
				BuildIndependentTargetsInParallel = 1;
				LastSwiftUpdateCheck = 1400;
				LastUpgradeCheck = 1400;
				TargetAttributes = {
					ABE3B3A52906717B00A25EC2 = {
						CreatedOnToolsVersion = 14.0;
					};
				};
			};
			buildConfigurationList = ABE3B3A12906717B00A25EC2 /* Build configuration list for PBXProject "PIA11Shopping" */;
			compatibilityVersion = "Xcode 14.0";
			developmentRegion = en;
			hasScannedForEncodings = 0;
			knownRegions = (
				en,
				Base,
			);
			mainGroup = ABE3B39D2906717B00A25EC2;
			packageReferences = (
				ABE3B3B92906751500A25EC2 /* XCRemoteSwiftPackageReference "firebase-ios-sdk" */,
			);
			productRefGroup = ABE3B3A72906717B00A25EC2 /* Products */;
			projectDirPath = "";
			projectRoot = "";
			targets = (
				ABE3B3A52906717B00A25EC2 /* PIA11Shopping */,
			);
		};
/* End PBXProject section */

/* Begin PBXResourcesBuildPhase section */
		ABE3B3A42906717B00A25EC2 /* Resources */ = {
			isa = PBXResourcesBuildPhase;
			buildActionMask = 2147483647;
			files = (
				ABE3B3B12906717D00A25EC2 /* Preview Assets.xcassets in Resources */,
				ABE3B3AE2906717D00A25EC2 /* Assets.xcassets in Resources */,
				ABE3B3B82906738F00A25EC2 /* GoogleService-Info.plist in Resources */,
			);
			runOnlyForDeploymentPostprocessing = 0;
		};
/* End PBXResourcesBuildPhase section */

/* Begin PBXSourcesBuildPhase section */
		ABE3B3A22906717B00A25EC2 /* Sources */ = {
			isa = PBXSourcesBuildPhase;
			buildActionMask = 2147483647;
			files = (
				ABE3B3C5290679A900A25EC2 /* LoginView.swift in Sources */,
				ABE3B3C729067D6E00A25EC2 /* ShoppinglistView.swift in Sources */,
				ABE3B3C92906844F00A25EC2 /* ShopdetailView.swift in Sources */,
				ABE3B3AC2906717B00A25EC2 /* ContentView.swift in Sources */,
				ABEC7FD7290A97D20001FD21 /* ShopRowView.swift in Sources */,
				ABEC7FD5290A69420001FD21 /* Shopitem.swift in Sources */,
				ABE3B3AA2906717B00A25EC2 /* PIA11ShoppingApp.swift in Sources */,
			);
			runOnlyForDeploymentPostprocessing = 0;
		};
/* End PBXSourcesBuildPhase section */

/* Begin XCBuildConfiguration section */
		ABE3B3B22906717D00A25EC2 /* Debug */ = {
			isa = XCBuildConfiguration;
			buildSettings = {
				ALWAYS_SEARCH_USER_PATHS = NO;
				CLANG_ANALYZER_NONNULL = YES;
				CLANG_ANALYZER_NUMBER_OBJECT_CONVERSION = YES_AGGRESSIVE;
				CLANG_CXX_LANGUAGE_STANDARD = "gnu++20";
				CLANG_ENABLE_MODULES = YES;
				CLANG_ENABLE_OBJC_ARC = YES;
				CLANG_ENABLE_OBJC_WEAK = YES;
				CLANG_WARN_BLOCK_CAPTURE_AUTORELEASING = YES;
				CLANG_WARN_BOOL_CONVERSION = YES;
				CLANG_WARN_COMMA = YES;
				CLANG_WARN_CONSTANT_CONVERSION = YES;
				CLANG_WARN_DEPRECATED_OBJC_IMPLEMENTATIONS = YES;
				CLANG_WARN_DIRECT_OBJC_ISA_USAGE = YES_ERROR;
				CLANG_WARN_DOCUMENTATION_COMMENTS = YES;
				CLANG_WARN_EMPTY_BODY = YES;
				CLANG_WARN_ENUM_CONVERSION = YES;
				CLANG_WARN_INFINITE_RECURSION = YES;
				CLANG_WARN_INT_CONVERSION = YES;
				CLANG_WARN_NON_LITERAL_NULL_CONVERSION = YES;
				CLANG_WARN_OBJC_IMPLICIT_RETAIN_SELF = YES;
				CLANG_WARN_OBJC_LITERAL_CONVERSION = YES;
				CLANG_WARN_OBJC_ROOT_CLASS = YES_ERROR;
				CLANG_WARN_QUOTED_INCLUDE_IN_FRAMEWORK_HEADER = YES;
				CLANG_WARN_RANGE_LOOP_ANALYSIS = YES;
				CLANG_WARN_STRICT_PROTOTYPES = YES;
				CLANG_WARN_SUSPICIOUS_MOVE = YES;
				CLANG_WARN_UNGUARDED_AVAILABILITY = YES_AGGRESSIVE;
				CLANG_WARN_UNREACHABLE_CODE = YES;
				CLANG_WARN__DUPLICATE_METHOD_MATCH = YES;
				COPY_PHASE_STRIP = NO;
				DEBUG_INFORMATION_FORMAT = dwarf;
				ENABLE_STRICT_OBJC_MSGSEND = YES;
				ENABLE_TESTABILITY = YES;
				GCC_C_LANGUAGE_STANDARD = gnu11;
				GCC_DYNAMIC_NO_PIC = NO;
				GCC_NO_COMMON_BLOCKS = YES;
				GCC_OPTIMIZATION_LEVEL = 0;
				GCC_PREPROCESSOR_DEFINITIONS = (
					"DEBUG=1",
					"$(inherited)",
				);
				GCC_WARN_64_TO_32_BIT_CONVERSION = YES;
				GCC_WARN_ABOUT_RETURN_TYPE = YES_ERROR;
				GCC_WARN_UNDECLARED_SELECTOR = YES;
				GCC_WARN_UNINITIALIZED_AUTOS = YES_AGGRESSIVE;
				GCC_WARN_UNUSED_FUNCTION = YES;
				GCC_WARN_UNUSED_VARIABLE = YES;
				IPHONEOS_DEPLOYMENT_TARGET = 16.0;
				MTL_ENABLE_DEBUG_INFO = INCLUDE_SOURCE;
				MTL_FAST_MATH = YES;
				ONLY_ACTIVE_ARCH = YES;
				SDKROOT = iphoneos;
				SWIFT_ACTIVE_COMPILATION_CONDITIONS = DEBUG;
				SWIFT_OPTIMIZATION_LEVEL = "-Onone";
			};
			name = Debug;
		};
		ABE3B3B32906717D00A25EC2 /* Release */ = {
			isa = XCBuildConfiguration;
			buildSettings = {
				ALWAYS_SEARCH_USER_PATHS = NO;
				CLANG_ANALYZER_NONNULL = YES;
				CLANG_ANALYZER_NUMBER_OBJECT_CONVERSION = YES_AGGRESSIVE;
				CLANG_CXX_LANGUAGE_STANDARD = "gnu++20";
				CLANG_ENABLE_MODULES = YES;
				CLANG_ENABLE_OBJC_ARC = YES;
				CLANG_ENABLE_OBJC_WEAK = YES;
				CLANG_WARN_BLOCK_CAPTURE_AUTORELEASING = YES;
				CLANG_WARN_BOOL_CONVERSION = YES;
				CLANG_WARN_COMMA = YES;
				CLANG_WARN_CONSTANT_CONVERSION = YES;
				CLANG_WARN_DEPRECATED_OBJC_IMPLEMENTATIONS = YES;
				CLANG_WARN_DIRECT_OBJC_ISA_USAGE = YES_ERROR;
				CLANG_WARN_DOCUMENTATION_COMMENTS = YES;
				CLANG_WARN_EMPTY_BODY = YES;
				CLANG_WARN_ENUM_CONVERSION = YES;
				CLANG_WARN_INFINITE_RECURSION = YES;
				CLANG_WARN_INT_CONVERSION = YES;
				CLANG_WARN_NON_LITERAL_NULL_CONVERSION = YES;
				CLANG_WARN_OBJC_IMPLICIT_RETAIN_SELF = YES;
				CLANG_WARN_OBJC_LITERAL_CONVERSION = YES;
				CLANG_WARN_OBJC_ROOT_CLASS = YES_ERROR;
				CLANG_WARN_QUOTED_INCLUDE_IN_FRAMEWORK_HEADER = YES;
				CLANG_WARN_RANGE_LOOP_ANALYSIS = YES;
				CLANG_WARN_STRICT_PROTOTYPES = YES;
				CLANG_WARN_SUSPICIOUS_MOVE = YES;
				CLANG_WARN_UNGUARDED_AVAILABILITY = YES_AGGRESSIVE;
				CLANG_WARN_UNREACHABLE_CODE = YES;
				CLANG_WARN__DUPLICATE_METHOD_MATCH = YES;
				COPY_PHASE_STRIP = NO;
				DEBUG_INFORMATION_FORMAT = "dwarf-with-dsym";
				ENABLE_NS_ASSERTIONS = NO;
				ENABLE_STRICT_OBJC_MSGSEND = YES;
				GCC_C_LANGUAGE_STANDARD = gnu11;
				GCC_NO_COMMON_BLOCKS = YES;
				GCC_WARN_64_TO_32_BIT_CONVERSION = YES;
				GCC_WARN_ABOUT_RETURN_TYPE = YES_ERROR;
				GCC_WARN_UNDECLARED_SELECTOR = YES;
				GCC_WARN_UNINITIALIZED_AUTOS = YES_AGGRESSIVE;
				GCC_WARN_UNUSED_FUNCTION = YES;
				GCC_WARN_UNUSED_VARIABLE = YES;
				IPHONEOS_DEPLOYMENT_TARGET = 16.0;
				MTL_ENABLE_DEBUG_INFO = NO;
				MTL_FAST_MATH = YES;
				SDKROOT = iphoneos;
				SWIFT_COMPILATION_MODE = wholemodule;
				SWIFT_OPTIMIZATION_LEVEL = "-O";
				VALIDATE_PRODUCT = YES;
			};
			name = Release;
		};
		ABE3B3B52906717D00A25EC2 /* Debug */ = {
			isa = XCBuildConfiguration;
			buildSettings = {
				ASSETCATALOG_COMPILER_APPICON_NAME = AppIcon;
				ASSETCATALOG_COMPILER_GLOBAL_ACCENT_COLOR_NAME = AccentColor;
				CODE_SIGN_STYLE = Automatic;
				CURRENT_PROJECT_VERSION = 1;
				DEVELOPMENT_ASSET_PATHS = "\"PIA11Shopping/Preview Content\"";
				DEVELOPMENT_TEAM = 6SGQZ32758;
				ENABLE_PREVIEWS = YES;
				GENERATE_INFOPLIST_FILE = YES;
				INFOPLIST_KEY_UIApplicationSceneManifest_Generation = YES;
				INFOPLIST_KEY_UIApplicationSupportsIndirectInputEvents = YES;
				INFOPLIST_KEY_UILaunchScreen_Generation = YES;
				INFOPLIST_KEY_UISupportedInterfaceOrientations_iPad = "UIInterfaceOrientationPortrait UIInterfaceOrientationPortraitUpsideDown UIInterfaceOrientationLandscapeLeft UIInterfaceOrientationLandscapeRight";
				INFOPLIST_KEY_UISupportedInterfaceOrientations_iPhone = "UIInterfaceOrientationPortrait UIInterfaceOrientationLandscapeLeft UIInterfaceOrientationLandscapeRight";
				IPHONEOS_DEPLOYMENT_TARGET = 15.0;
				LD_RUNPATH_SEARCH_PATHS = (
					"$(inherited)",
					"@executable_path/Frameworks",
				);
				MARKETING_VERSION = 1.0;
				PRODUCT_BUNDLE_IDENTIFIER = se.magictechnology.PIA11Shopping;
				PRODUCT_NAME = "$(TARGET_NAME)";
				SWIFT_EMIT_LOC_STRINGS = YES;
				SWIFT_VERSION = 5.0;
				TARGETED_DEVICE_FAMILY = "1,2";
			};
			name = Debug;
		};
		ABE3B3B62906717D00A25EC2 /* Release */ = {
			isa = XCBuildConfiguration;
			buildSettings = {
				ASSETCATALOG_COMPILER_APPICON_NAME = AppIcon;
				ASSETCATALOG_COMPILER_GLOBAL_ACCENT_COLOR_NAME = AccentColor;
				CODE_SIGN_STYLE = Automatic;
				CURRENT_PROJECT_VERSION = 1;
				DEVELOPMENT_ASSET_PATHS = "\"PIA11Shopping/Preview Content\"";
				DEVELOPMENT_TEAM = 6SGQZ32758;
				ENABLE_PREVIEWS = YES;
				GENERATE_INFOPLIST_FILE = YES;
				INFOPLIST_KEY_UIApplicationSceneManifest_Generation = YES;
				INFOPLIST_KEY_UIApplicationSupportsIndirectInputEvents = YES;
				INFOPLIST_KEY_UILaunchScreen_Generation = YES;
				INFOPLIST_KEY_UISupportedInterfaceOrientations_iPad = "UIInterfaceOrientationPortrait UIInterfaceOrientationPortraitUpsideDown UIInterfaceOrientationLandscapeLeft UIInterfaceOrientationLandscapeRight";
				INFOPLIST_KEY_UISupportedInterfaceOrientations_iPhone = "UIInterfaceOrientationPortrait UIInterfaceOrientationLandscapeLeft UIInterfaceOrientationLandscapeRight";
				IPHONEOS_DEPLOYMENT_TARGET = 15.0;
				LD_RUNPATH_SEARCH_PATHS = (
					"$(inherited)",
					"@executable_path/Frameworks",
				);
				MARKETING_VERSION = 1.0;
				PRODUCT_BUNDLE_IDENTIFIER = se.magictechnology.PIA11Shopping;
				PRODUCT_NAME = "$(TARGET_NAME)";
				SWIFT_EMIT_LOC_STRINGS = YES;
				SWIFT_VERSION = 5.0;
				TARGETED_DEVICE_FAMILY = "1,2";
			};
			name = Release;
		};
/* End XCBuildConfiguration section */

/* Begin XCConfigurationList section */
		ABE3B3A12906717B00A25EC2 /* Build configuration list for PBXProject "PIA11Shopping" */ = {
			isa = XCConfigurationList;
			buildConfigurations = (
				ABE3B3B22906717D00A25EC2 /* Debug */,
				ABE3B3B32906717D00A25EC2 /* Release */,
			);
			defaultConfigurationIsVisible = 0;
			defaultConfigurationName = Release;
		};
		ABE3B3B42906717D00A25EC2 /* Build configuration list for PBXNativeTarget "PIA11Shopping" */ = {
			isa = XCConfigurationList;
			buildConfigurations = (
				ABE3B3B52906717D00A25EC2 /* Debug */,
				ABE3B3B62906717D00A25EC2 /* Release */,
			);
			defaultConfigurationIsVisible = 0;
			defaultConfigurationName = Release;
		};
/* End XCConfigurationList section */

/* Begin XCRemoteSwiftPackageReference section */
		ABE3B3B92906751500A25EC2 /* XCRemoteSwiftPackageReference "firebase-ios-sdk" */ = {
			isa = XCRemoteSwiftPackageReference;
			repositoryURL = "https://github.com/firebase/firebase-ios-sdk.git";
			requirement = {
				kind = upToNextMajorVersion;
				minimumVersion = 9.0.0;
			};
		};
/* End XCRemoteSwiftPackageReference section */

/* Begin XCSwiftPackageProductDependency section */
		ABE3B3BA2906751500A25EC2 /* FirebaseAnalytics */ = {
			isa = XCSwiftPackageProductDependency;
			package = ABE3B3B92906751500A25EC2 /* XCRemoteSwiftPackageReference "firebase-ios-sdk" */;
			productName = FirebaseAnalytics;
		};
		ABE3B3BC2906751500A25EC2 /* FirebaseAnalyticsSwift */ = {
			isa = XCSwiftPackageProductDependency;
			package = ABE3B3B92906751500A25EC2 /* XCRemoteSwiftPackageReference "firebase-ios-sdk" */;
			productName = FirebaseAnalyticsSwift;
		};
		ABE3B3BE2906751500A25EC2 /* FirebaseAuth */ = {
			isa = XCSwiftPackageProductDependency;
			package = ABE3B3B92906751500A25EC2 /* XCRemoteSwiftPackageReference "firebase-ios-sdk" */;
			productName = FirebaseAuth;
		};
		ABE3B3C02906751500A25EC2 /* FirebaseDatabase */ = {
			isa = XCSwiftPackageProductDependency;
			package = ABE3B3B92906751500A25EC2 /* XCRemoteSwiftPackageReference "firebase-ios-sdk" */;
			productName = FirebaseDatabase;
		};
		ABE3B3C22906751500A25EC2 /* FirebaseDatabaseSwift */ = {
			isa = XCSwiftPackageProductDependency;
			package = ABE3B3B92906751500A25EC2 /* XCRemoteSwiftPackageReference "firebase-ios-sdk" */;
			productName = FirebaseDatabaseSwift;
		};
/* End XCSwiftPackageProductDependency section */
	};
	rootObject = ABE3B39E2906717B00A25EC2 /* Project object */;
}
